
Microsoft Visual Studio Solution File, Format Version 10.00
# Visual Studio 2008
Project("{C8F74FCC-99EC-451A-B1A9-7CE8423BD0FA}") = "Waybills.Pkg", "Waybills.Pkg\Waybills.Pkg.pkgproj", "{81195778-9B8C-44C6-BC57-3BFC41E7094C}"
	ProjectSection(ProjectDependencies) = postProject
		{B31BBE80-0E26-436B-8E11-0AA1ACAE87E7} = {B31BBE80-0E26-436B-8E11-0AA1ACAE87E7}
		{75C2A4DA-5147-4BD4-8F9E-33ACABCDEC04} = {75C2A4DA-5147-4BD4-8F9E-33ACABCDEC04}
		{E9FDA3DC-0320-4222-81BA-E14889782409} = {E9FDA3DC-0320-4222-81BA-E14889782409}
	EndProjectSection
EndProject
Project("{FAE04EC0-301F-11D3-BF4B-00C04F79EFBC}") = "Waybills.Interface", "Waybills.Interface\Waybills.Interface.csproj", "{E9FDA3DC-0320-4222-81BA-E14889782409}"
EndProject
Project("{FAE04EC0-301F-11D3-BF4B-00C04F79EFBC}") = "Waybills.Server", "Waybills.Server\Waybills.Server.csproj", "{75C2A4DA-5147-4BD4-8F9E-33ACABCDEC04}"
EndProject
Project("{FAE04EC0-301F-11D3-BF4B-00C04F79EFBC}") = "Waybills.Client", "Waybills.Client\Waybills.Client.csproj", "{B31BBE80-0E26-436B-8E11-0AA1ACAE87E7}"
EndProject
Project("{2150E333-8FDC-42A3-9474-1A3956D46DE8}") = "HazardousCargoWaybills", "HazardousCargoWaybills", "{3276937A-6C3B-462F-965F-CFB4CF4607F2}"
EndProject
Project("{2150E333-8FDC-42A3-9474-1A3956D46DE8}") = "PerishablesWaybills", "PerishablesWaybills", "{0484D5F0-08FE-4E23-ABD5-9B89B360CC7B}"
EndProject
Project("{2150E333-8FDC-42A3-9474-1A3956D46DE8}") = "WayPointsLoader", "WayPointsLoader", "{4A4E5794-EC89-43E1-AA64-C5D233C149F5}"
EndProject
Project("{FAE04EC0-301F-11D3-BF4B-00C04F79EFBC}") = "HazardousCargoWaybills.Interface", "HazardousCargoWaybills\HazardousCargoWaybills.Interface\HazardousCargoWaybills.Interface.csproj", "{0F7C4F57-5EC1-4613-A761-84164E6E4788}"
EndProject
Project("{FAE04EC0-301F-11D3-BF4B-00C04F79EFBC}") = "HazardousCargoWaybills.Server", "HazardousCargoWaybills\HazardousCargoWaybills.Server\HazardousCargoWaybills.Server.csproj", "{2A716622-1ABF-411C-97D0-D7A1CC719033}"
EndProject
Project("{FAE04EC0-301F-11D3-BF4B-00C04F79EFBC}") = "HazardousCargoWaybills.Client", "HazardousCargoWaybills\HazardousCargoWaybills.Client\HazardousCargoWaybills.Client.csproj", "{477C56FC-CB8C-4023-8441-3419F7C2EB12}"
EndProject
Project("{C8F74FCC-99EC-451A-B1A9-7CE8423BD0FA}") = "HazardousCargoWaybills.Pkg", "HazardousCargoWaybills\HazardousCargoWaybills.Pkg\HazardousCargoWaybills.Pkg.pkgproj", "{1E8B2F04-EF8F-4BB8-8347-94E46C1A15AB}"
	ProjectSection(ProjectDependencies) = postProject
		{0039D902-6896-48BD-8C01-A9358198CADB} = {0039D902-6896-48BD-8C01-A9358198CADB}
		{2A716622-1ABF-411C-97D0-D7A1CC719033} = {2A716622-1ABF-411C-97D0-D7A1CC719033}
		{0F7C4F57-5EC1-4613-A761-84164E6E4788} = {0F7C4F57-5EC1-4613-A761-84164E6E4788}
		{81195778-9B8C-44C6-BC57-3BFC41E7094C} = {81195778-9B8C-44C6-BC57-3BFC41E7094C}
		{477C56FC-CB8C-4023-8441-3419F7C2EB12} = {477C56FC-CB8C-4023-8441-3419F7C2EB12}
	EndProjectSection
EndProject
Project("{C8F74FCC-99EC-451A-B1A9-7CE8423BD0FA}") = "PerishablesWaybills.Pkg", "PerishablesWaybills\PerishablesWaybills.Pkg\PerishablesWaybills.Pkg.pkgproj", "{EB79DBA6-AAB4-4235-97A3-FF33FCA19699}"
	ProjectSection(ProjectDependencies) = postProject
		{0039D902-6896-48BD-8C01-A9358198CADB} = {0039D902-6896-48BD-8C01-A9358198CADB}
		{81195778-9B8C-44C6-BC57-3BFC41E7094C} = {81195778-9B8C-44C6-BC57-3BFC41E7094C}
		{8AA1D693-6FBE-4486-B96D-E4C4E1FE5657} = {8AA1D693-6FBE-4486-B96D-E4C4E1FE5657}
		{398558CD-AD44-4296-AC10-31D730FDC075} = {398558CD-AD44-4296-AC10-31D730FDC075}
	EndProjectSection
EndProject
Project("{FAE04EC0-301F-11D3-BF4B-00C04F79EFBC}") = "PerishablesWaybills.Interface", "PerishablesWaybills\PerishablesWaybills.Interface\PerishablesWaybills.Interface.csproj", "{0039D902-6896-48BD-8C01-A9358198CADB}"
EndProject
Project("{FAE04EC0-301F-11D3-BF4B-00C04F79EFBC}") = "PerishablesWaybills.Server", "PerishablesWaybills\PerishablesWaybills.Server\PerishablesWaybills.Server.csproj", "{8AA1D693-6FBE-4486-B96D-E4C4E1FE5657}"
EndProject
Project("{FAE04EC0-301F-11D3-BF4B-00C04F79EFBC}") = "PerishablesWaybills.Client", "PerishablesWaybills\PerishablesWaybills.Client\PerishablesWaybills.Client.csproj", "{398558CD-AD44-4296-AC10-31D730FDC075}"
EndProject
Project("{FAE04EC0-301F-11D3-BF4B-00C04F79EFBC}") = "WayPointsLoader.Interface", "WayPointsLoader\WayPointsLoader.Interface\WayPointsLoader.Interface.csproj", "{3DBA115F-90FC-40C6-A312-E1DEBEFD1517}"
EndProject
Project("{FAE04EC0-301F-11D3-BF4B-00C04F79EFBC}") = "WayPointsLoader.Server", "WayPointsLoader\WayPointsLoader.Server\WayPointsLoader.Server.csproj", "{6D8CFD33-6730-4671-9531-E80C75BADDBE}"
EndProject
Project("{FAE04EC0-301F-11D3-BF4B-00C04F79EFBC}") = "WayPointsLoader.Client", "WayPointsLoader\WayPointsLoader.Client\WayPointsLoader.Client.csproj", "{2DDDFC69-A357-4151-9C66-29A58A83E7F6}"
EndProject
Project("{C8F74FCC-99EC-451A-B1A9-7CE8423BD0FA}") = "WayPointsLoader.Pkg", "WayPointsLoader\WayPointsLoader.Pkg\WayPointsLoader.Pkg.pkgproj", "{F921BEE7-A876-43DF-91AF-3067BE05B64F}"
	ProjectSection(ProjectDependencies) = postProject
		{6D8CFD33-6730-4671-9531-E80C75BADDBE} = {6D8CFD33-6730-4671-9531-E80C75BADDBE}
		{3DBA115F-90FC-40C6-A312-E1DEBEFD1517} = {3DBA115F-90FC-40C6-A312-E1DEBEFD1517}
		{2DDDFC69-A357-4151-9C66-29A58A83E7F6} = {2DDDFC69-A357-4151-9C66-29A58A83E7F6}
		{81195778-9B8C-44C6-BC57-3BFC41E7094C} = {81195778-9B8C-44C6-BC57-3BFC41E7094C}
	EndProjectSection
EndProject
Global
	GlobalSection(SolutionConfigurationPlatforms) = preSolution
		Debug|Any CPU = Debug|Any CPU
		Release|Any CPU = Release|Any CPU
	EndGlobalSection
	GlobalSection(ProjectConfigurationPlatforms) = postSolution
		{81195778-9B8C-44C6-BC57-3BFC41E7094C}.Debug|Any CPU.ActiveCfg = Debug|Any CPU
		{81195778-9B8C-44C6-BC57-3BFC41E7094C}.Debug|Any CPU.Build.0 = Debug|Any CPU
		{81195778-9B8C-44C6-BC57-3BFC41E7094C}.Release|Any CPU.ActiveCfg = Release|Any CPU
		{81195778-9B8C-44C6-BC57-3BFC41E7094C}.Release|Any CPU.Build.0 = Release|Any CPU
		{E9FDA3DC-0320-4222-81BA-E14889782409}.Debug|Any CPU.ActiveCfg = Debug|Any CPU
		{E9FDA3DC-0320-4222-81BA-E14889782409}.Debug|Any CPU.Build.0 = Debug|Any CPU
		{E9FDA3DC-0320-4222-81BA-E14889782409}.Release|Any CPU.ActiveCfg = Release|Any CPU
		{E9FDA3DC-0320-4222-81BA-E14889782409}.Release|Any CPU.Build.0 = Release|Any CPU
		{75C2A4DA-5147-4BD4-8F9E-33ACABCDEC04}.Debug|Any CPU.ActiveCfg = Debug|Any CPU
		{75C2A4DA-5147-4BD4-8F9E-33ACABCDEC04}.Debug|Any CPU.Build.0 = Debug|Any CPU
		{75C2A4DA-5147-4BD4-8F9E-33ACABCDEC04}.Release|Any CPU.ActiveCfg = Release|Any CPU
		{75C2A4DA-5147-4BD4-8F9E-33ACABCDEC04}.Release|Any CPU.Build.0 = Release|Any CPU
		{B31BBE80-0E26-436B-8E11-0AA1ACAE87E7}.Debug|Any CPU.ActiveCfg = Debug|Any CPU
		{B31BBE80-0E26-436B-8E11-0AA1ACAE87E7}.Debug|Any CPU.Build.0 = Debug|Any CPU
		{B31BBE80-0E26-436B-8E11-0AA1ACAE87E7}.Release|Any CPU.ActiveCfg = Release|Any CPU
		{B31BBE80-0E26-436B-8E11-0AA1ACAE87E7}.Release|Any CPU.Build.0 = Release|Any CPU
		{0F7C4F57-5EC1-4613-A761-84164E6E4788}.Debug|Any CPU.ActiveCfg = Debug|Any CPU
		{0F7C4F57-5EC1-4613-A761-84164E6E4788}.Debug|Any CPU.Build.0 = Debug|Any CPU
		{0F7C4F57-5EC1-4613-A761-84164E6E4788}.Release|Any CPU.ActiveCfg = Release|Any CPU
		{0F7C4F57-5EC1-4613-A761-84164E6E4788}.Release|Any CPU.Build.0 = Release|Any CPU
		{2A716622-1ABF-411C-97D0-D7A1CC719033}.Debug|Any CPU.ActiveCfg = Debug|Any CPU
		{2A716622-1ABF-411C-97D0-D7A1CC719033}.Debug|Any CPU.Build.0 = Debug|Any CPU
		{2A716622-1ABF-411C-97D0-D7A1CC719033}.Release|Any CPU.ActiveCfg = Release|Any CPU
		{2A716622-1ABF-411C-97D0-D7A1CC719033}.Release|Any CPU.Build.0 = Release|Any CPU
		{477C56FC-CB8C-4023-8441-3419F7C2EB12}.Debug|Any CPU.ActiveCfg = Debug|Any CPU
		{477C56FC-CB8C-4023-8441-3419F7C2EB12}.Debug|Any CPU.Build.0 = Debug|Any CPU
		{477C56FC-CB8C-4023-8441-3419F7C2EB12}.Release|Any CPU.ActiveCfg = Release|Any CPU
		{477C56FC-CB8C-4023-8441-3419F7C2EB12}.Release|Any CPU.Build.0 = Release|Any CPU
		{1E8B2F04-EF8F-4BB8-8347-94E46C1A15AB}.Debug|Any CPU.ActiveCfg = Debug|Any CPU
		{1E8B2F04-EF8F-4BB8-8347-94E46C1A15AB}.Debug|Any CPU.Build.0 = Debug|Any CPU
		{1E8B2F04-EF8F-4BB8-8347-94E46C1A15AB}.Release|Any CPU.ActiveCfg = Release|Any CPU
		{1E8B2F04-EF8F-4BB8-8347-94E46C1A15AB}.Release|Any CPU.Build.0 = Release|Any CPU
		{EB79DBA6-AAB4-4235-97A3-FF33FCA19699}.Debug|Any CPU.ActiveCfg = Debug|Any CPU
		{EB79DBA6-AAB4-4235-97A3-FF33FCA19699}.Debug|Any CPU.Build.0 = Debug|Any CPU
		{EB79DBA6-AAB4-4235-97A3-FF33FCA19699}.Release|Any CPU.ActiveCfg = Release|Any CPU
		{EB79DBA6-AAB4-4235-97A3-FF33FCA19699}.Release|Any CPU.Build.0 = Release|Any CPU
		{0039D902-6896-48BD-8C01-A9358198CADB}.Debug|Any CPU.ActiveCfg = Debug|Any CPU
		{0039D902-6896-48BD-8C01-A9358198CADB}.Debug|Any CPU.Build.0 = Debug|Any CPU
		{0039D902-6896-48BD-8C01-A9358198CADB}.Release|Any CPU.ActiveCfg = Release|Any CPU
		{0039D902-6896-48BD-8C01-A9358198CADB}.Release|Any CPU.Build.0 = Release|Any CPU
		{8AA1D693-6FBE-4486-B96D-E4C4E1FE5657}.Debug|Any CPU.ActiveCfg = Debug|Any CPU
		{8AA1D693-6FBE-4486-B96D-E4C4E1FE5657}.Debug|Any CPU.Build.0 = Debug|Any CPU
		{8AA1D693-6FBE-4486-B96D-E4C4E1FE5657}.Release|Any CPU.ActiveCfg = Release|Any CPU
		{8AA1D693-6FBE-4486-B96D-E4C4E1FE5657}.Release|Any CPU.Build.0 = Release|Any CPU
		{398558CD-AD44-4296-AC10-31D730FDC075}.Debug|Any CPU.ActiveCfg = Debug|Any CPU
		{398558CD-AD44-4296-AC10-31D730FDC075}.Debug|Any CPU.Build.0 = Debug|Any CPU
		{398558CD-AD44-4296-AC10-31D730FDC075}.Release|Any CPU.ActiveCfg = Release|Any CPU
		{398558CD-AD44-4296-AC10-31D730FDC075}.Release|Any CPU.Build.0 = Release|Any CPU
		{3DBA115F-90FC-40C6-A312-E1DEBEFD1517}.Debug|Any CPU.ActiveCfg = Debug|Any CPU
		{3DBA115F-90FC-40C6-A312-E1DEBEFD1517}.Debug|Any CPU.Build.0 = Debug|Any CPU
		{3DBA115F-90FC-40C6-A312-E1DEBEFD1517}.Release|Any CPU.ActiveCfg = Release|Any CPU
		{3DBA115F-90FC-40C6-A312-E1DEBEFD1517}.Release|Any CPU.Build.0 = Release|Any CPU
		{6D8CFD33-6730-4671-9531-E80C75BADDBE}.Debug|Any CPU.ActiveCfg = Debug|Any CPU
		{6D8CFD33-6730-4671-9531-E80C75BADDBE}.Debug|Any CPU.Build.0 = Debug|Any CPU
		{6D8CFD33-6730-4671-9531-E80C75BADDBE}.Release|Any CPU.ActiveCfg = Release|Any CPU
		{6D8CFD33-6730-4671-9531-E80C75BADDBE}.Release|Any CPU.Build.0 = Release|Any CPU
		{2DDDFC69-A357-4151-9C66-29A58A83E7F6}.Debug|Any CPU.ActiveCfg = Debug|Any CPU
		{2DDDFC69-A357-4151-9C66-29A58A83E7F6}.Debug|Any CPU.Build.0 = Debug|Any CPU
		{2DDDFC69-A357-4151-9C66-29A58A83E7F6}.Release|Any CPU.ActiveCfg = Release|Any CPU
		{2DDDFC69-A357-4151-9C66-29A58A83E7F6}.Release|Any CPU.Build.0 = Release|Any CPU
		{F921BEE7-A876-43DF-91AF-3067BE05B64F}.Debug|Any CPU.ActiveCfg = Debug|Any CPU
		{F921BEE7-A876-43DF-91AF-3067BE05B64F}.Debug|Any CPU.Build.0 = Debug|Any CPU
		{F921BEE7-A876-43DF-91AF-3067BE05B64F}.Release|Any CPU.ActiveCfg = Release|Any CPU
		{F921BEE7-A876-43DF-91AF-3067BE05B64F}.Release|Any CPU.Build.0 = Release|Any CPU
	EndGlobalSection
	GlobalSection(SolutionProperties) = preSolution
		HideSolutionNode = FALSE
	EndGlobalSection
	GlobalSection(NestedProjects) = preSolution
		{0F7C4F57-5EC1-4613-A761-84164E6E4788} = {3276937A-6C3B-462F-965F-CFB4CF4607F2}
		{2A716622-1ABF-411C-97D0-D7A1CC719033} = {3276937A-6C3B-462F-965F-CFB4CF4607F2}
		{477C56FC-CB8C-4023-8441-3419F7C2EB12} = {3276937A-6C3B-462F-965F-CFB4CF4607F2}
		{1E8B2F04-EF8F-4BB8-8347-94E46C1A15AB} = {3276937A-6C3B-462F-965F-CFB4CF4607F2}
		{EB79DBA6-AAB4-4235-97A3-FF33FCA19699} = {0484D5F0-08FE-4E23-ABD5-9B89B360CC7B}
		{0039D902-6896-48BD-8C01-A9358198CADB} = {0484D5F0-08FE-4E23-ABD5-9B89B360CC7B}
		{8AA1D693-6FBE-4486-B96D-E4C4E1FE5657} = {0484D5F0-08FE-4E23-ABD5-9B89B360CC7B}
		{398558CD-AD44-4296-AC10-31D730FDC075} = {0484D5F0-08FE-4E23-ABD5-9B89B360CC7B}
		{3DBA115F-90FC-40C6-A312-E1DEBEFD1517} = {4A4E5794-EC89-43E1-AA64-C5D233C149F5}
		{6D8CFD33-6730-4671-9531-E80C75BADDBE} = {4A4E5794-EC89-43E1-AA64-C5D233C149F5}
		{2DDDFC69-A357-4151-9C66-29A58A83E7F6} = {4A4E5794-EC89-43E1-AA64-C5D233C149F5}
		{F921BEE7-A876-43DF-91AF-3067BE05B64F} = {4A4E5794-EC89-43E1-AA64-C5D233C149F5}
	EndGlobalSection
EndGlobal
